
Microsoft Visual Studio Solution File, Format Version 12.00
# Visual Studio Version 17
VisualStudioVersion = 17.6.33829.357
MinimumVisualStudioVersion = 10.0.40219.1
Project("{8BC9CEB8-8B4A-11D0-8D11-00A0C91BC942}") = "LearnOpenGL", "LearnOpenGL\LearnOpenGL.vcxproj", "{B3DBC37A-8F62-453C-9861-94BA8D5D4AE5}"
EndProject
Global
	GlobalSection(SolutionConfigurationPlatforms) = preSolution
		Debug|x64 = Debug|x64
		Debug|x86 = Debug|x86
		Release|x64 = Release|x64
		Release|x86 = Release|x86
	EndGlobalSection
	GlobalSection(ProjectConfigurationPlatforms) = postSolution
		{B3DBC37A-8F62-453C-9861-94BA8D5D4AE5}.Debug|x64.ActiveCfg = Debug|x64
		{B3DBC37A-8F62-453C-9861-94BA8D5D4AE5}.Debug|x64.Build.0 = Debug|x64
		{B3DBC37A-8F62-453C-9861-94BA8D5D4AE5}.Debug|x86.ActiveCfg = Debug|Win32
		{B3DBC37A-8F62-453C-9861-94BA8D5D4AE5}.Debug|x86.Build.0 = Debug|Win32
		{B3DBC37A-8F62-453C-9861-94BA8D5D4AE5}.Release|x64.ActiveCfg = Release|x64
		{B3DBC37A-8F62-453C-9861-94BA8D5D4AE5}.Release|x64.Build.0 = Release|x64
		{B3DBC37A-8F62-453C-9861-94BA8D5D4AE5}.Release|x86.ActiveCfg = Release|Win32
		{B3DBC37A-8F62-453C-9861-94BA8D5D4AE5}.Release|x86.Build.0 = Release|Win32
	EndGlobalSection
	GlobalSection(SolutionProperties) = preSolution
		HideSolutionNode = FALSE
	EndGlobalSection
	GlobalSection(ExtensibilityGlobals) = postSolution
		SolutionGuid = {C864E469-645C-4BCA-BE2A-53727FE32174}
	EndGlobalSection
EndGlobal
