<?xml version="1.0" encoding="utf-8"?>
<Project ToolsVersion="4.0" xmlns="http://schemas.microsoft.com/developer/msbuild/2003">
  <ItemGroup>
    <Filter Include="源文件">
      <UniqueIdentifier>{4FC737F1-C7A5-4376-A066-2A32D752A2FF}</UniqueIdentifier>
      <Extensions>cpp;c;cc;cxx;c++;cppm;ixx;def;odl;idl;hpj;bat;asm;asmx</Extensions>
    </Filter>
    <Filter Include="头文件">
      <UniqueIdentifier>{93995380-89BD-4b04-88EB-625FBE52EBFB}</UniqueIdentifier>
      <Extensions>h;hh;hpp;hxx;h++;hm;inl;inc;ipp;xsd</Extensions>
    </Filter>
    <Filter Include="资源文件">
      <UniqueIdentifier>{67DA6AB6-F800-4c08-8B7A-83BB121AAD01}</UniqueIdentifier>
      <Extensions>rc;ico;cur;bmp;dlg;rc2;rct;bin;rgs;gif;jpg;jpeg;jpe;resx;tiff;tif;png;wav;mfcribbon-ms</Extensions>
    </Filter>
  </ItemGroup>
  <ItemGroup>
    <ClCompile Include="Application.cpp">
      <Filter>源文件</Filter>
    </ClCompile>
    <ClCompile Include="glad.c">
      <Filter>源文件</Filter>
    </ClCompile>
    <ClCompile Include="Shader.cpp">
      <Filter>源文件</Filter>
    </ClCompile>
    <ClCompile Include="Texture.cpp">
      <Filter>源文件</Filter>
    </ClCompile>
    <ClCompile Include="Camera.cpp">
      <Filter>源文件</Filter>
    </ClCompile>
    <ClCompile Include="Mesh.cpp">
      <Filter>源文件</Filter>
    </ClCompile>
    <ClCompile Include="Model.cpp">
      <Filter>源文件</Filter>
    </ClCompile>
    <ClCompile Include="VertexBuffer.cpp">
      <Filter>源文件</Filter>
    </ClCompile>
    <ClCompile Include="Renderer.cpp">
      <Filter>源文件</Filter>
    </ClCompile>
    <ClCompile Include="VertexArray.cpp">
      <Filter>源文件</Filter>
    </ClCompile>
    <ClCompile Include="IndexBuffer.cpp">
      <Filter>源文件</Filter>
    </ClCompile>
    <ClCompile Include="CubeTexture.cpp">
      <Filter>源文件</Filter>
    </ClCompile>
    <ClCompile Include="FrameBuffer.cpp">
      <Filter>源文件</Filter>
    </ClCompile>
  </ItemGroup>
  <ItemGroup>
    <None Include="shader\default.fs" />
    <None Include="shader\default.vs" />
    <None Include="assets\shader\default.fs" />
    <None Include="assets\shader\default.vs" />
    <None Include="assets\shader\objectShader.fs" />
    <None Include="assets\shader\objectShader.vs" />
    <None Include="assets\shader\lightShader.fs" />
    <None Include="assets\shader\lightShader.vs" />
    <None Include="assets\shader\modelShader.fs" />
    <None Include="assets\shader\modelShader.vs" />
    <None Include="assets\shader\stencil_testing.vs" />
    <None Include="assets\shader\stencil_single_color.fs" />
    <None Include="assets\shader\stencil_testing.fs" />
    <None Include="assets\shader\fboRenderShader.fs" />
    <None Include="assets\shader\fboRenderShader.vs" />
    <None Include="assets\shader\skybox.fs" />
    <None Include="assets\shader\skybox.vs" />
    <None Include="assets\shader\reflectShader.fs" />
    <None Include="assets\shader\reflectShader.vs" />
    <None Include="assets\shader\testShader.fs" />
    <None Include="assets\shader\testShader.vs" />
    <None Include="assets\shader\blueShader.fs" />
    <None Include="assets\shader\greenShader.fs" />
    <None Include="assets\shader\redShader.fs" />
    <None Include="assets\shader\uniformBlockShader.vs" />
  </ItemGroup>
  <ItemGroup>
    <ClInclude Include="Shader.h">
      <Filter>头文件</Filter>
    </ClInclude>
    <ClInclude Include="Texture.h">
      <Filter>头文件</Filter>
    </ClInclude>
    <ClInclude Include="Camera.h">
      <Filter>头文件</Filter>
    </ClInclude>
    <ClInclude Include="Mesh.h">
      <Filter>头文件</Filter>
    </ClInclude>
    <ClInclude Include="Model.h">
      <Filter>头文件</Filter>
    </ClInclude>
    <ClInclude Include="VertexBuffer.h">
      <Filter>头文件</Filter>
    </ClInclude>
    <ClInclude Include="Renderer.h">
      <Filter>头文件</Filter>
    </ClInclude>
    <ClInclude Include="VertexArray.h">
      <Filter>头文件</Filter>
    </ClInclude>
    <ClInclude Include="IndexBuffer.h">
      <Filter>头文件</Filter>
    </ClInclude>
    <ClInclude Include="VertexBufferLayout.h">
      <Filter>头文件</Filter>
    </ClInclude>
    <ClInclude Include="CubeTexture.h">
      <Filter>头文件</Filter>
    </ClInclude>
    <ClInclude Include="FrameBuffer.h">
      <Filter>头文件</Filter>
    </ClInclude>
  </ItemGroup>
  <ItemGroup>
    <Image Include="assets\textures\wall.jpg">
      <Filter>资源文件</Filter>
    </Image>
    <Image Include="assets\textures\people.jpg">
      <Filter>资源文件</Filter>
    </Image>
    <Image Include="assets\textures\diffuseMap.png">
      <Filter>资源文件</Filter>
    </Image>
    <Image Include="assets\textures\specularMap.png">
      <Filter>资源文件</Filter>
    </Image>
    <Image Include="assets\textures\window.png">
      <Filter>资源文件</Filter>
    </Image>
    <Image Include="assets\textures\grass.png">
      <Filter>资源文件</Filter>
    </Image>
  </ItemGroup>
</Project>